
Microsoft Visual Studio Solution File, Format Version 12.00
# Visual Studio Version 16
VisualStudioVersion = 16.0.29306.81
MinimumVisualStudioVersion = 10.0.40219.1
Project("{FAE04EC0-301F-11D3-BF4B-00C04F79EFBC}") = "jocs", "jocs\jocs.csproj", "{35972B75-3BE1-4073-A92C-444228C9AC76}"
EndProject
Global
	GlobalSection(SolutionConfigurationPlatforms) = preSolution
		Debug|Any CPU = Debug|Any CPU
		Release|Any CPU = Release|Any CPU
	EndGlobalSection
	GlobalSection(ProjectConfigurationPlatforms) = postSolution
		{35972B75-3BE1-4073-A92C-444228C9AC76}.Debug|Any CPU.ActiveCfg = Debug|Any CPU
		{35972B75-3BE1-4073-A92C-444228C9AC76}.Debug|Any CPU.Build.0 = Debug|Any CPU
		{35972B75-3BE1-4073-A92C-444228C9AC76}.Release|Any CPU.ActiveCfg = Release|Any CPU
		{35972B75-3BE1-4073-A92C-444228C9AC76}.Release|Any CPU.Build.0 = Release|Any CPU
	EndGlobalSection
	GlobalSection(SolutionProperties) = preSolution
		HideSolutionNode = FALSE
	EndGlobalSection
	GlobalSection(ExtensibilityGlobals) = postSolution
		SolutionGuid = {524593B7-3ADE-4CC9-BBAF-7D13AB4BF034}
	EndGlobalSection
EndGlobal
